{
  "version": 4,
  "terraform_version": "1.2.6",
  "serial": 65,
  "lineage": "bbc60ada-b4c7-312d-25e9-9e264bc8e19c",
  "outputs": {},
  "resources": [
    {
      "mode": "managed",
      "type": "aws_eks_cluster",
      "name": "eksdemo",
      "provider": "provider[\"registry.terraform.io/hashicorp/aws\"]",
      "instances": [
        {
          "schema_version": 0,
          "attributes": {
            "arn": "arn:aws:eks:ap-southeast-1:351293423430:cluster/eksclusterdemo",
            "certificate_authority": [
              {
                "data": "LS0tLS1CRUdJTiBDRVJUSUZJQ0FURS0tLS0tCk1JSUMvakNDQWVhZ0F3SUJBZ0lCQURBTkJna3Foa2lHOXcwQkFRc0ZBREFWTVJNd0VRWURWUVFERXdwcmRXSmwKY201bGRHVnpNQjRYRFRJeU1USXlOVEEzTVRrMU9Wb1hEVE15TVRJeU1qQTNNVGsxT1Zvd0ZURVRNQkVHQTFVRQpBeE1LYTNWaVpYSnVaWFJsY3pDQ0FTSXdEUVlKS29aSWh2Y05BUUVCQlFBRGdnRVBBRENDQVFvQ2dnRUJBTS9ECmhWWjZZTmlBVWlzSFVJT1RDYk91RVN5SkZPQmppVzRqN3A2Q2hmbTJwcGxwOC9Kb2Q3Tm44L3djQjQzRVpPYzUKWWVLaEFzZHprSXdlWmc4U09LYVAwa3RiWEdZeFNIQnpIMm1Cbm1zRWN5ODZENnF6UlpmeWZsM0dqcG9od3I4RApWN2lSMGZqOTlvYXRBNDVWb0J4RGd5Nm9nS0lJQ0xpU3l0dGxuZSswbkZpV1NTUXZOSEtPeXlmRGhRMCtNSGpxClAvRjk2UUFUTStmQnoxRDVKWHhXSEZuYnNTdm1hS1A3U0xvaHdWMkJzRFpZeUUzYXB0TkZOQVVPbEw3T0ozK3cKdlBzN05UcGp6b3pQcjI1Z2NvU1BlUDA1WWwybllqeDBHZFA1K0FYTnBqb29jUElRc3FWU1JhZ3hqSXBaZzNicgp4bFdVeE5jQzg5SlJ3bzZXU2swQ0F3RUFBYU5aTUZjd0RnWURWUjBQQVFIL0JBUURBZ0trTUE4R0ExVWRFd0VCCi93UUZNQU1CQWY4d0hRWURWUjBPQkJZRUZNU0hweGpVemVLckdMTGNoNFFMdTZySlFodVVNQlVHQTFVZEVRUU8KTUF5Q0NtdDFZbVZ5Ym1WMFpYTXdEUVlKS29aSWh2Y05BUUVMQlFBRGdnRUJBRlBTK2NEbUdoaWlnMUFpSWpFVgpLSkY5SEpHdEdUbFpwdURBb0pkc3d0V2VpRUFoYlk1OExwVmhsa1djUExRM1IwbjFhYkhOVVhxbGlhTmlMQUhqCkdTWnZET1RaTnpsUkYrcld0d2dhRmJJcUMwajl6dnRSS1F3NHVnaHJoN0tGV0l2c0U1b0VhNW1lRmp0ZXk1V1MKVXVUbncwaU9BQVNsNStWTkZCMmVwNmhsU0lIR0RHOXA0S1lDOUJIOWNzWkJEZDI2VlZoU0gyeVBORGVOdGVmTwpJVi81eDIzS05iZmM0M2xybGNQNVhFUTFnSENKenJMRTFqdVc2S2NmTXdnbDBaazVUWHZ0RjBGUkMzelp1VXZYClBpZUllS2tRRlRGNnR0d1pUbUZWNzRSZGxxVTR5TUlEUVpMQ2ljczdaVDlkLzdtemZtNDZ6bWEzclRMZGxpc00Kamp3PQotLS0tLUVORCBDRVJUSUZJQ0FURS0tLS0tCg=="
              }
            ],
            "created_at": "2022-12-25 07:14:42.87 +0000 UTC",
            "enabled_cluster_log_types": [],
            "encryption_config": [],
            "endpoint": "https://CECED46206330AAB77D97A5CE7C41D5D.gr7.ap-southeast-1.eks.amazonaws.com",
            "id": "eksclusterdemo",
            "identity": [
              {
                "oidc": [
                  {
                    "issuer": "https://oidc.eks.ap-southeast-1.amazonaws.com/id/CECED46206330AAB77D97A5CE7C41D5D"
                  }
                ]
              }
            ],
            "kubernetes_network_config": [
              {
                "ip_family": "ipv4",
                "service_ipv4_cidr": "10.100.0.0/16"
              }
            ],
            "name": "eksclusterdemo",
            "platform_version": "eks.5",
            "role_arn": "arn:aws:iam::351293423430:role/eks-cluster-role",
            "status": "ACTIVE",
            "tags": {},
            "tags_all": {},
            "timeouts": null,
            "version": "1.23",
            "vpc_config": [
              {
                "cluster_security_group_id": "sg-02f7fd80494df41c4",
                "endpoint_private_access": false,
                "endpoint_public_access": true,
                "public_access_cidrs": [
                  "0.0.0.0/0"
                ],
                "security_group_ids": [],
                "subnet_ids": [
                  "subnet-085eb875feb3bc109",
                  "subnet-0d8a5400e19afd5eb"
                ],
                "vpc_id": "vpc-0f9bc1abb685d077a"
              }
            ]
          },
          "sensitive_attributes": [],
          "private": "eyJlMmJmYjczMC1lY2FhLTExZTYtOGY4OC0zNDM2M2JjN2M0YzAiOnsiY3JlYXRlIjoxODAwMDAwMDAwMDAwLCJkZWxldGUiOjkwMDAwMDAwMDAwMCwidXBkYXRlIjozNjAwMDAwMDAwMDAwfX0=",
          "dependencies": [
            "aws_iam_role.eksdemorole",
            "aws_iam_role_policy_attachment.eksdemorole-AmazonEKSClusterPolicy",
            "aws_iam_role_policy_attachment.eksdemorole-AmazonEKSVPCResourceController"
          ]
        }
      ]
    },
    {
      "mode": "managed",
      "type": "aws_iam_role",
      "name": "eksdemorole",
      "provider": "provider[\"registry.terraform.io/hashicorp/aws\"]",
      "instances": [
        {
          "schema_version": 0,
          "attributes": {
            "arn": "arn:aws:iam::351293423430:role/eks-cluster-role",
            "assume_role_policy": "{\"Version\":\"2012-10-17\",\"Statement\":[{\"Effect\":\"Allow\",\"Principal\":{\"Service\":\"eks.amazonaws.com\"},\"Action\":\"sts:AssumeRole\"}]}",
            "create_date": "2022-12-25T07:14:33Z",
            "description": "",
            "force_detach_policies": false,
            "id": "eks-cluster-role",
            "inline_policy": [
              {
                "name": "",
                "policy": ""
              }
            ],
            "managed_policy_arns": [
              "arn:aws:iam::aws:policy/AmazonEKSClusterPolicy",
              "arn:aws:iam::aws:policy/AmazonEKSVPCResourceController"
            ],
            "max_session_duration": 3600,
            "name": "eks-cluster-role",
            "name_prefix": "",
            "path": "/",
            "permissions_boundary": null,
            "tags": {},
            "tags_all": {},
            "unique_id": "AROAVDSVYH5DHOV7JW66D"
          },
          "sensitive_attributes": [],
          "private": "bnVsbA=="
        }
      ]
    },
    {
      "mode": "managed",
      "type": "aws_iam_role_policy_attachment",
      "name": "eksdemorole-AmazonEKSClusterPolicy",
      "provider": "provider[\"registry.terraform.io/hashicorp/aws\"]",
      "instances": [
        {
          "schema_version": 0,
          "attributes": {
            "id": "eks-cluster-role-20221225071438826600000005",
            "policy_arn": "arn:aws:iam::aws:policy/AmazonEKSClusterPolicy",
            "role": "eks-cluster-role"
          },
          "sensitive_attributes": [],
          "private": "bnVsbA==",
          "dependencies": [
            "aws_iam_role.eksdemorole"
          ]
        }
      ]
    },
    {
      "mode": "managed",
      "type": "aws_iam_role_policy_attachment",
      "name": "eksdemorole-AmazonEKSVPCResourceController",
      "provider": "provider[\"registry.terraform.io/hashicorp/aws\"]",
      "instances": [
        {
          "schema_version": 0,
          "attributes": {
            "id": "eks-cluster-role-20221225071438735800000003",
            "policy_arn": "arn:aws:iam::aws:policy/AmazonEKSVPCResourceController",
            "role": "eks-cluster-role"
          },
          "sensitive_attributes": [],
          "private": "bnVsbA==",
          "dependencies": [
            "aws_iam_role.eksdemorole"
          ]
        }
      ]
    }
  ]
}
